
Microsoft Visual Studio Solution File, Format Version 12.00
# Visual Studio 15
VisualStudioVersion = 15.0.28307.572
MinimumVisualStudioVersion = 10.0.40219.1
Project("{9A19103F-16F7-4668-BE54-9A1E7A4F7556}") = "StokiPoKatalog", "StokiPoKatalog\StokiPoKatalog.csproj", "{D1A298E1-F095-4D57-8A60-B0901D0402C1}"
EndProject
Project("{FAE04EC0-301F-11D3-BF4B-00C04F79EFBC}") = "WebAppStokiCatalog", "WebAppStokiCatalog\WebAppStokiCatalog.csproj", "{123E55B8-7221-4ED0-A1B4-94ABD0A96263}"
EndProject
Global
	GlobalSection(SolutionConfigurationPlatforms) = preSolution
		Debug|Any CPU = Debug|Any CPU
		Release|Any CPU = Release|Any CPU
	EndGlobalSection
	GlobalSection(ProjectConfigurationPlatforms) = postSolution
		{D1A298E1-F095-4D57-8A60-B0901D0402C1}.Debug|Any CPU.ActiveCfg = Debug|Any CPU
		{D1A298E1-F095-4D57-8A60-B0901D0402C1}.Debug|Any CPU.Build.0 = Debug|Any CPU
		{D1A298E1-F095-4D57-8A60-B0901D0402C1}.Release|Any CPU.ActiveCfg = Release|Any CPU
		{D1A298E1-F095-4D57-8A60-B0901D0402C1}.Release|Any CPU.Build.0 = Release|Any CPU
		{123E55B8-7221-4ED0-A1B4-94ABD0A96263}.Debug|Any CPU.ActiveCfg = Debug|Any CPU
		{123E55B8-7221-4ED0-A1B4-94ABD0A96263}.Debug|Any CPU.Build.0 = Debug|Any CPU
		{123E55B8-7221-4ED0-A1B4-94ABD0A96263}.Release|Any CPU.ActiveCfg = Release|Any CPU
		{123E55B8-7221-4ED0-A1B4-94ABD0A96263}.Release|Any CPU.Build.0 = Release|Any CPU
	EndGlobalSection
	GlobalSection(SolutionProperties) = preSolution
		HideSolutionNode = FALSE
	EndGlobalSection
	GlobalSection(ExtensibilityGlobals) = postSolution
		SolutionGuid = {BE402125-6214-49E6-ACE3-2803727C223C}
	EndGlobalSection
EndGlobal
