
Microsoft Visual Studio Solution File, Format Version 12.00
# Visual Studio 15
VisualStudioVersion = 15.0.28307.902
MinimumVisualStudioVersion = 10.0.40219.1
Project("{9A19103F-16F7-4668-BE54-9A1E7A4F7556}") = "ColaPodNaem", "ColaPodNaem\ColaPodNaem.csproj", "{CC5F8C73-FAFB-465E-9E9A-CAF4139ABB96}"
EndProject
Project("{FAE04EC0-301F-11D3-BF4B-00C04F79EFBC}") = "WebInterfaceBd", "WebInterfaceBd\WebInterfaceBd.csproj", "{798925FE-766A-455A-83EC-0DC7826DDBA8}"
EndProject
Global
	GlobalSection(SolutionConfigurationPlatforms) = preSolution
		Debug|Any CPU = Debug|Any CPU
		Release|Any CPU = Release|Any CPU
	EndGlobalSection
	GlobalSection(ProjectConfigurationPlatforms) = postSolution
		{CC5F8C73-FAFB-465E-9E9A-CAF4139ABB96}.Debug|Any CPU.ActiveCfg = Debug|Any CPU
		{CC5F8C73-FAFB-465E-9E9A-CAF4139ABB96}.Debug|Any CPU.Build.0 = Debug|Any CPU
		{CC5F8C73-FAFB-465E-9E9A-CAF4139ABB96}.Release|Any CPU.ActiveCfg = Release|Any CPU
		{CC5F8C73-FAFB-465E-9E9A-CAF4139ABB96}.Release|Any CPU.Build.0 = Release|Any CPU
		{798925FE-766A-455A-83EC-0DC7826DDBA8}.Debug|Any CPU.ActiveCfg = Debug|Any CPU
		{798925FE-766A-455A-83EC-0DC7826DDBA8}.Debug|Any CPU.Build.0 = Debug|Any CPU
		{798925FE-766A-455A-83EC-0DC7826DDBA8}.Release|Any CPU.ActiveCfg = Release|Any CPU
		{798925FE-766A-455A-83EC-0DC7826DDBA8}.Release|Any CPU.Build.0 = Release|Any CPU
	EndGlobalSection
	GlobalSection(SolutionProperties) = preSolution
		HideSolutionNode = FALSE
	EndGlobalSection
	GlobalSection(ExtensibilityGlobals) = postSolution
		SolutionGuid = {C0ADE8D0-E0D6-46EC-9010-7793688396D7}
	EndGlobalSection
EndGlobal
