
Microsoft Visual Studio Solution File, Format Version 12.00
# Visual Studio 15
VisualStudioVersion = 15.0.28307.572
MinimumVisualStudioVersion = 10.0.40219.1
Project("{FAE04EC0-301F-11D3-BF4B-00C04F79EFBC}") = "DemoEVCProjectPapanov", "DemoEVCProjectPapanov\DemoEVCProjectPapanov.csproj", "{5774D1C7-C50F-4CAA-A3AC-1616E24A1C10}"
EndProject
Project("{FAE04EC0-301F-11D3-BF4B-00C04F79EFBC}") = "Data", "Data\Data.csproj", "{2330FCD7-DB20-4908-8F9C-ABF38FFCA244}"
EndProject
Project("{FAE04EC0-301F-11D3-BF4B-00C04F79EFBC}") = "Business", "Business\Business.csproj", "{E8FA6F4E-E27E-40CD-890D-D0C97CAE1A19}"
EndProject
Global
	GlobalSection(SolutionConfigurationPlatforms) = preSolution
		Debug|Any CPU = Debug|Any CPU
		Release|Any CPU = Release|Any CPU
	EndGlobalSection
	GlobalSection(ProjectConfigurationPlatforms) = postSolution
		{5774D1C7-C50F-4CAA-A3AC-1616E24A1C10}.Debug|Any CPU.ActiveCfg = Debug|Any CPU
		{5774D1C7-C50F-4CAA-A3AC-1616E24A1C10}.Debug|Any CPU.Build.0 = Debug|Any CPU
		{5774D1C7-C50F-4CAA-A3AC-1616E24A1C10}.Release|Any CPU.ActiveCfg = Release|Any CPU
		{5774D1C7-C50F-4CAA-A3AC-1616E24A1C10}.Release|Any CPU.Build.0 = Release|Any CPU
		{2330FCD7-DB20-4908-8F9C-ABF38FFCA244}.Debug|Any CPU.ActiveCfg = Debug|Any CPU
		{2330FCD7-DB20-4908-8F9C-ABF38FFCA244}.Debug|Any CPU.Build.0 = Debug|Any CPU
		{2330FCD7-DB20-4908-8F9C-ABF38FFCA244}.Release|Any CPU.ActiveCfg = Release|Any CPU
		{2330FCD7-DB20-4908-8F9C-ABF38FFCA244}.Release|Any CPU.Build.0 = Release|Any CPU
		{E8FA6F4E-E27E-40CD-890D-D0C97CAE1A19}.Debug|Any CPU.ActiveCfg = Debug|Any CPU
		{E8FA6F4E-E27E-40CD-890D-D0C97CAE1A19}.Debug|Any CPU.Build.0 = Debug|Any CPU
		{E8FA6F4E-E27E-40CD-890D-D0C97CAE1A19}.Release|Any CPU.ActiveCfg = Release|Any CPU
		{E8FA6F4E-E27E-40CD-890D-D0C97CAE1A19}.Release|Any CPU.Build.0 = Release|Any CPU
	EndGlobalSection
	GlobalSection(SolutionProperties) = preSolution
		HideSolutionNode = FALSE
	EndGlobalSection
	GlobalSection(ExtensibilityGlobals) = postSolution
		SolutionGuid = {B3349A7B-A11F-4682-898E-BD703FA87DB9}
	EndGlobalSection
EndGlobal
